%{"erlcloud": {:git, "https://github.com/connectica/erlcloud.git", "af6f5353777fb240d821e9afb25726b87a582da5", []},
  "jsx": {:git, "git://github.com/talentdeficit/jsx.git", "9d4534edc57686f28e16c5b1f6902a7e99c8b035", [ref: "master"]},
  "lhttpc": {:git, "git://github.com/talko/lhttpc", "2d01a5f9c7543b77bdd57f44c92e72801f46e423", [ref: "master"]},
  "meck": {:hex, :meck, "0.8.3"},
  "mock": {:hex, :mock, "0.1.1"},
  "mogrify": {:hex, :mogrify, "0.1.0"}}
